
Microsoft Visual Studio Solution File, Format Version 12.00
# Visual Studio Version 16
VisualStudioVersion = 16.0.31410.357
MinimumVisualStudioVersion = 10.0.40219.1
Project("{FAE04EC0-301F-11D3-BF4B-00C04F79EFBC}") = "SingleResponsibilityPrinciple", "SolidDesignPrinciple\SingleResponsibilityPrinciple.csproj", "{4D007E07-C207-4EF4-BC88-32602C6CADAF}"
EndProject
Project("{FAE04EC0-301F-11D3-BF4B-00C04F79EFBC}") = "OpenClosedPrinciple", "OpenClosedPrinciple\OpenClosedPrinciple.csproj", "{A40BBD2A-5A5F-4A76-B4E5-09E0B8F755A2}"
EndProject
Global
	GlobalSection(SolutionConfigurationPlatforms) = preSolution
		Debug|Any CPU = Debug|Any CPU
		Release|Any CPU = Release|Any CPU
	EndGlobalSection
	GlobalSection(ProjectConfigurationPlatforms) = postSolution
		{4D007E07-C207-4EF4-BC88-32602C6CADAF}.Debug|Any CPU.ActiveCfg = Debug|Any CPU
		{4D007E07-C207-4EF4-BC88-32602C6CADAF}.Debug|Any CPU.Build.0 = Debug|Any CPU
		{4D007E07-C207-4EF4-BC88-32602C6CADAF}.Release|Any CPU.ActiveCfg = Release|Any CPU
		{4D007E07-C207-4EF4-BC88-32602C6CADAF}.Release|Any CPU.Build.0 = Release|Any CPU
		{A40BBD2A-5A5F-4A76-B4E5-09E0B8F755A2}.Debug|Any CPU.ActiveCfg = Debug|Any CPU
		{A40BBD2A-5A5F-4A76-B4E5-09E0B8F755A2}.Debug|Any CPU.Build.0 = Debug|Any CPU
		{A40BBD2A-5A5F-4A76-B4E5-09E0B8F755A2}.Release|Any CPU.ActiveCfg = Release|Any CPU
		{A40BBD2A-5A5F-4A76-B4E5-09E0B8F755A2}.Release|Any CPU.Build.0 = Release|Any CPU
	EndGlobalSection
	GlobalSection(SolutionProperties) = preSolution
		HideSolutionNode = FALSE
	EndGlobalSection
	GlobalSection(ExtensibilityGlobals) = postSolution
		SolutionGuid = {5632948E-D9E6-4A1E-80BC-BC1DB6F709CA}
	EndGlobalSection
EndGlobal
